
Microsoft Visual Studio Solution File, Format Version 12.00
# Visual Studio Version 17
VisualStudioVersion = 17.0.31903.59
MinimumVisualStudioVersion = 10.0.40219.1
Project("{FAE04EC0-301F-11D3-BF4B-00C04F79EFBC}") = "Part 3", "Part 3\Part 3.csproj", "{F135D991-7D63-4D4D-837A-947802A080DE}"
EndProject
Global
	GlobalSection(SolutionConfigurationPlatforms) = preSolution
		Debug|Any CPU = Debug|Any CPU
		Release|Any CPU = Release|Any CPU
	EndGlobalSection
	GlobalSection(SolutionProperties) = preSolution
		HideSolutionNode = FALSE
	EndGlobalSection
	GlobalSection(ProjectConfigurationPlatforms) = postSolution
		{F135D991-7D63-4D4D-837A-947802A080DE}.Debug|Any CPU.ActiveCfg = Debug|Any CPU
		{F135D991-7D63-4D4D-837A-947802A080DE}.Debug|Any CPU.Build.0 = Debug|Any CPU
		{F135D991-7D63-4D4D-837A-947802A080DE}.Release|Any CPU.ActiveCfg = Release|Any CPU
		{F135D991-7D63-4D4D-837A-947802A080DE}.Release|Any CPU.Build.0 = Release|Any CPU
	EndGlobalSection
EndGlobal
